<?xml version="1.0" encoding="utf-8"?>
<Project ToolsVersion="4.0" xmlns="http://schemas.microsoft.com/developer/msbuild/2003">
  <ItemGroup>
    <Filter Include="源文件">
      <UniqueIdentifier>{4FC737F1-C7A5-4376-A066-2A32D752A2FF}</UniqueIdentifier>
      <Extensions>cpp;c;cc;cxx;def;odl;idl;hpj;bat;asm;asmx</Extensions>
    </Filter>
    <Filter Include="头文件">
      <UniqueIdentifier>{93995380-89BD-4b04-88EB-625FBE52EBFB}</UniqueIdentifier>
      <Extensions>h;hh;hpp;hxx;hm;inl;inc;xsd</Extensions>
    </Filter>
    <Filter Include="资源文件">
      <UniqueIdentifier>{67DA6AB6-F800-4c08-8B7A-83BB121AAD01}</UniqueIdentifier>
      <Extensions>rc;ico;cur;bmp;dlg;rc2;rct;bin;rgs;gif;jpg;jpeg;jpe;resx;tiff;tif;png;wav;mfcribbon-ms</Extensions>
    </Filter>
    <Filter Include="头文件\Math">
      <UniqueIdentifier>{bfabf6b1-5e02-4dab-b517-9535b8e4aabe}</UniqueIdentifier>
    </Filter>
    <Filter Include="头文件\RenderData">
      <UniqueIdentifier>{29999865-8ff3-48b1-849f-b04f00863f37}</UniqueIdentifier>
    </Filter>
    <Filter Include="源文件\Math">
      <UniqueIdentifier>{b53ebce1-d223-4aef-9219-0329900d3dbc}</UniqueIdentifier>
    </Filter>
    <Filter Include="源文件\RenderData">
      <UniqueIdentifier>{e7c6a0d3-6f27-4704-b40b-26eb75f83efd}</UniqueIdentifier>
    </Filter>
  </ItemGroup>
  <ItemGroup>
    <Text Include="ReadMe.txt" />
  </ItemGroup>
  <ItemGroup>
    <ClInclude Include="stdafx.h">
      <Filter>头文件</Filter>
    </ClInclude>
    <ClInclude Include="targetver.h">
      <Filter>头文件</Filter>
    </ClInclude>
    <ClInclude Include="Math.h">
      <Filter>头文件\Math</Filter>
    </ClInclude>
    <ClInclude Include="Camera.h">
      <Filter>头文件\RenderData</Filter>
    </ClInclude>
    <ClInclude Include="Mesh.h">
      <Filter>头文件\RenderData</Filter>
    </ClInclude>
    <ClInclude Include="Transform.h">
      <Filter>头文件\RenderData</Filter>
    </ClInclude>
    <ClInclude Include="Typedef.h">
      <Filter>头文件\Math</Filter>
    </ClInclude>
    <ClInclude Include="Color.h">
      <Filter>头文件\RenderData</Filter>
    </ClInclude>
    <ClInclude Include="Vertex.h">
      <Filter>头文件\RenderData</Filter>
    </ClInclude>
    <ClInclude Include="Line.h">
      <Filter>头文件\RenderData</Filter>
    </ClInclude>
    <ClInclude Include="Trapezoid.h">
      <Filter>头文件\RenderData</Filter>
    </ClInclude>
    <ClInclude Include="Triangle.h">
      <Filter>头文件\RenderData</Filter>
    </ClInclude>
    <ClInclude Include="Device.h">
      <Filter>头文件</Filter>
    </ClInclude>
    <ClInclude Include="Scanline.h">
      <Filter>头文件\RenderData</Filter>
    </ClInclude>
    <ClInclude Include="Window.h">
      <Filter>头文件</Filter>
    </ClInclude>
  </ItemGroup>
  <ItemGroup>
    <ClCompile Include="stdafx.cpp">
      <Filter>源文件</Filter>
    </ClCompile>
    <ClCompile Include="Render.cpp">
      <Filter>源文件</Filter>
    </ClCompile>
    <ClCompile Include="Math.cpp">
      <Filter>源文件\Math</Filter>
    </ClCompile>
    <ClCompile Include="Camera.cpp">
      <Filter>源文件\RenderData</Filter>
    </ClCompile>
    <ClCompile Include="Transform.cpp">
      <Filter>源文件\RenderData</Filter>
    </ClCompile>
    <ClCompile Include="Color.cpp">
      <Filter>源文件\RenderData</Filter>
    </ClCompile>
    <ClCompile Include="Mesh.cpp">
      <Filter>源文件\RenderData</Filter>
    </ClCompile>
    <ClCompile Include="Vertex.cpp">
      <Filter>源文件\RenderData</Filter>
    </ClCompile>
    <ClCompile Include="Line.cpp">
      <Filter>源文件\RenderData</Filter>
    </ClCompile>
    <ClCompile Include="Trapezoid.cpp">
      <Filter>源文件\RenderData</Filter>
    </ClCompile>
    <ClCompile Include="Triangle.cpp">
      <Filter>源文件\RenderData</Filter>
    </ClCompile>
    <ClCompile Include="Device.cpp">
      <Filter>源文件</Filter>
    </ClCompile>
    <ClCompile Include="Scanline.cpp">
      <Filter>源文件\RenderData</Filter>
    </ClCompile>
    <ClCompile Include="Window.cpp">
      <Filter>源文件</Filter>
    </ClCompile>
  </ItemGroup>
</Project>